
Microsoft Visual Studio Solution File, Format Version 12.00
# Visual Studio 15
VisualStudioVersion = 15.0.28307.779
MinimumVisualStudioVersion = 10.0.40219.1
Project("{FAE04EC0-301F-11D3-BF4B-00C04F79EFBC}") = "stringPractice2", "stringPractice2\stringPractice2.csproj", "{2CBA1DF1-D528-4D5B-9FED-FB41655CC208}"
EndProject
Global
	GlobalSection(SolutionConfigurationPlatforms) = preSolution
		Debug|Any CPU = Debug|Any CPU
		Release|Any CPU = Release|Any CPU
	EndGlobalSection
	GlobalSection(ProjectConfigurationPlatforms) = postSolution
		{2CBA1DF1-D528-4D5B-9FED-FB41655CC208}.Debug|Any CPU.ActiveCfg = Debug|Any CPU
		{2CBA1DF1-D528-4D5B-9FED-FB41655CC208}.Debug|Any CPU.Build.0 = Debug|Any CPU
		{2CBA1DF1-D528-4D5B-9FED-FB41655CC208}.Release|Any CPU.ActiveCfg = Release|Any CPU
		{2CBA1DF1-D528-4D5B-9FED-FB41655CC208}.Release|Any CPU.Build.0 = Release|Any CPU
	EndGlobalSection
	GlobalSection(SolutionProperties) = preSolution
		HideSolutionNode = FALSE
	EndGlobalSection
	GlobalSection(ExtensibilityGlobals) = postSolution
		SolutionGuid = {9AF2E57E-1F73-4054-8859-892AD3014B6A}
	EndGlobalSection
EndGlobal
